# This file is automatically @generated by Cargo.
# It is not intended for manual editing.
version = 4

[[package]]
name = "rf-cli"
version = "0.1.0"
dependencies = [
 "rf-core",
 "rf-engine",
]

[[package]]
name = "rf-core"
version = "0.1.0"

[[package]]
name = "rf-engine"
version = "0.1.0"
dependencies = [
 "rf-core",
]
